
Microsoft Visual Studio Solution File, Format Version 12.00
# Visual Studio 15
VisualStudioVersion = 15.0.28307.572
MinimumVisualStudioVersion = 10.0.40219.1
Project("{FAE04EC0-301F-11D3-BF4B-00C04F79EFBC}") = "WebApplication3", "WebApplication3\WebApplication3.csproj", "{77AAC261-27E0-4D1F-922F-DB3B3239A0ED}"
EndProject
Global
	GlobalSection(SolutionConfigurationPlatforms) = preSolution
		Debug|Any CPU = Debug|Any CPU
		Release|Any CPU = Release|Any CPU
	EndGlobalSection
	GlobalSection(ProjectConfigurationPlatforms) = postSolution
		{77AAC261-27E0-4D1F-922F-DB3B3239A0ED}.Debug|Any CPU.ActiveCfg = Debug|Any CPU
		{77AAC261-27E0-4D1F-922F-DB3B3239A0ED}.Debug|Any CPU.Build.0 = Debug|Any CPU
		{77AAC261-27E0-4D1F-922F-DB3B3239A0ED}.Release|Any CPU.ActiveCfg = Release|Any CPU
		{77AAC261-27E0-4D1F-922F-DB3B3239A0ED}.Release|Any CPU.Build.0 = Release|Any CPU
	EndGlobalSection
	GlobalSection(SolutionProperties) = preSolution
		HideSolutionNode = FALSE
	EndGlobalSection
	GlobalSection(ExtensibilityGlobals) = postSolution
		SolutionGuid = {C97AA64A-781C-44DF-A998-0D2D69FB491B}
	EndGlobalSection
EndGlobal
